
Microsoft Visual Studio Solution File, Format Version 12.00
# Visual Studio Version 17
VisualStudioVersion = 17.2.32630.192
MinimumVisualStudioVersion = 10.0.40219.1
Project("{FAE04EC0-301F-11D3-BF4B-00C04F79EFBC}") = "test", "test\test.csproj", "{82E801EA-2548-4170-B051-00173E289535}"
EndProject
Global
	GlobalSection(SolutionConfigurationPlatforms) = preSolution
		Debug|Any CPU = Debug|Any CPU
		Debug|x64 = Debug|x64
		Release|Any CPU = Release|Any CPU
		Release|x64 = Release|x64
	EndGlobalSection
	GlobalSection(ProjectConfigurationPlatforms) = postSolution
		{82E801EA-2548-4170-B051-00173E289535}.Debug|Any CPU.ActiveCfg = Debug|Any CPU
		{82E801EA-2548-4170-B051-00173E289535}.Debug|Any CPU.Build.0 = Debug|Any CPU
		{82E801EA-2548-4170-B051-00173E289535}.Debug|x64.ActiveCfg = Debug|x64
		{82E801EA-2548-4170-B051-00173E289535}.Debug|x64.Build.0 = Debug|x64
		{82E801EA-2548-4170-B051-00173E289535}.Release|Any CPU.ActiveCfg = Release|Any CPU
		{82E801EA-2548-4170-B051-00173E289535}.Release|Any CPU.Build.0 = Release|Any CPU
		{82E801EA-2548-4170-B051-00173E289535}.Release|x64.ActiveCfg = Release|x64
		{82E801EA-2548-4170-B051-00173E289535}.Release|x64.Build.0 = Release|x64
	EndGlobalSection
	GlobalSection(SolutionProperties) = preSolution
		HideSolutionNode = FALSE
	EndGlobalSection
	GlobalSection(ExtensibilityGlobals) = postSolution
		SolutionGuid = {5BB50939-11F9-49FA-90E9-045C8DEBF028}
	EndGlobalSection
EndGlobal
